// !$*UTF8*$!
{
	archiveVersion = 1;
	classes = {
	};
	objectVersion = 56;
	objects = {

/* Begin PBXBuildFile section */
		E46E303329AA7ED300BC2C23 /* HomyApp.swift in Sources */ = {isa = PBXBuildFile; fileRef = E46E303229AA7ED300BC2C23 /* HomyApp.swift */; };
		E46E303729AA7ED400BC2C23 /* Assets.xcassets in Resources */ = {isa = PBXBuildFile; fileRef = E46E303629AA7ED400BC2C23 /* Assets.xcassets */; };
		E46E303A29AA7ED400BC2C23 /* Preview Assets.xcassets in Resources */ = {isa = PBXBuildFile; fileRef = E46E303929AA7ED400BC2C23 /* Preview Assets.xcassets */; };
		E46E304529AA818F00BC2C23 /* RootModule in Frameworks */ = {isa = PBXBuildFile; productRef = E46E304429AA818F00BC2C23 /* RootModule */; };
/* End PBXBuildFile section */

/* Begin PBXFileReference section */
		E46E302F29AA7ED300BC2C23 /* Homy.app */ = {isa = PBXFileReference; explicitFileType = wrapper.application; includeInIndex = 0; path = Homy.app; sourceTree = BUILT_PRODUCTS_DIR; };
		E46E303229AA7ED300BC2C23 /* HomyApp.swift */ = {isa = PBXFileReference; lastKnownFileType = sourcecode.swift; path = HomyApp.swift; sourceTree = "<group>"; };
		E46E303629AA7ED400BC2C23 /* Assets.xcassets */ = {isa = PBXFileReference; lastKnownFileType = folder.assetcatalog; path = Assets.xcassets; sourceTree = "<group>"; };
		E46E303929AA7ED400BC2C23 /* Preview Assets.xcassets */ = {isa = PBXFileReference; lastKnownFileType = folder.assetcatalog; path = "Preview Assets.xcassets"; sourceTree = "<group>"; };
		E46E304229AA800500BC2C23 /* RootModule */ = {isa = PBXFileReference; lastKnownFileType = wrapper; path = RootModule; sourceTree = "<group>"; };
		E46E304629AAD69900BC2C23 /* Info.plist */ = {isa = PBXFileReference; lastKnownFileType = text.plist.xml; path = Info.plist; sourceTree = "<group>"; };
		E46E304829AADC9500BC2C23 /* pull_request_template.md */ = {isa = PBXFileReference; lastKnownFileType = net.daringfireball.markdown; path = pull_request_template.md; sourceTree = "<group>"; };
		E4B7691829B6870800F760A8 /* FEATURE_REQUEST.yml */ = {isa = PBXFileReference; lastKnownFileType = text.yaml; path = FEATURE_REQUEST.yml; sourceTree = "<group>"; };
		E4B7691929B69D4300F760A8 /* BUG_REPORT.yml */ = {isa = PBXFileReference; lastKnownFileType = text.yaml; path = BUG_REPORT.yml; sourceTree = "<group>"; };
		E4B7691A29B6A11D00F760A8 /* config.yml */ = {isa = PBXFileReference; lastKnownFileType = text.yaml; path = config.yml; sourceTree = "<group>"; };
/* End PBXFileReference section */

/* Begin PBXFrameworksBuildPhase section */
		E46E302C29AA7ED300BC2C23 /* Frameworks */ = {
			isa = PBXFrameworksBuildPhase;
			buildActionMask = 2147483647;
			files = (
				E46E304529AA818F00BC2C23 /* RootModule in Frameworks */,
			);
			runOnlyForDeploymentPostprocessing = 0;
		};
/* End PBXFrameworksBuildPhase section */

/* Begin PBXGroup section */
		E46E302629AA7ED300BC2C23 = {
			isa = PBXGroup;
			children = (
				E46E304729AADC9500BC2C23 /* .github */,
				E46E303129AA7ED300BC2C23 /* Homy */,
				E46E303029AA7ED300BC2C23 /* Products */,
				E46E304329AA818F00BC2C23 /* Frameworks */,
			);
			sourceTree = "<group>";
		};
		E46E303029AA7ED300BC2C23 /* Products */ = {
			isa = PBXGroup;
			children = (
				E46E302F29AA7ED300BC2C23 /* Homy.app */,
			);
			name = Products;
			sourceTree = "<group>";
		};
		E46E303129AA7ED300BC2C23 /* Homy */ = {
			isa = PBXGroup;
			children = (
				E46E304029AA7F9300BC2C23 /* App */,
				E46E304129AA7FA000BC2C23 /* Resources */,
				E46E303829AA7ED400BC2C23 /* Preview Content */,
			);
			path = Homy;
			sourceTree = "<group>";
		};
		E46E303829AA7ED400BC2C23 /* Preview Content */ = {
			isa = PBXGroup;
			children = (
				E46E303929AA7ED400BC2C23 /* Preview Assets.xcassets */,
			);
			path = "Preview Content";
			sourceTree = "<group>";
		};
		E46E304029AA7F9300BC2C23 /* App */ = {
			isa = PBXGroup;
			children = (
				E46E303229AA7ED300BC2C23 /* HomyApp.swift */,
				E46E304229AA800500BC2C23 /* RootModule */,
			);
			path = App;
			sourceTree = "<group>";
		};
		E46E304129AA7FA000BC2C23 /* Resources */ = {
			isa = PBXGroup;
			children = (
				E46E304629AAD69900BC2C23 /* Info.plist */,
				E46E303629AA7ED400BC2C23 /* Assets.xcassets */,
			);
			path = Resources;
			sourceTree = "<group>";
		};
		E46E304329AA818F00BC2C23 /* Frameworks */ = {
			isa = PBXGroup;
			children = (
			);
			name = Frameworks;
			sourceTree = "<group>";
		};
		E46E304729AADC9500BC2C23 /* .github */ = {
			isa = PBXGroup;
			children = (
				E4B7691729B6866900F760A8 /* ISSUE_TEMPLATE */,
				E46E304829AADC9500BC2C23 /* pull_request_template.md */,
			);
			name = .github;
			path = ../homy/.github;
			sourceTree = "<group>";
		};
		E4B7691729B6866900F760A8 /* ISSUE_TEMPLATE */ = {
			isa = PBXGroup;
			children = (
				E4B7691829B6870800F760A8 /* FEATURE_REQUEST.yml */,
				E4B7691929B69D4300F760A8 /* BUG_REPORT.yml */,
				E4B7691A29B6A11D00F760A8 /* config.yml */,
			);
			path = ISSUE_TEMPLATE;
			sourceTree = "<group>";
		};
/* End PBXGroup section */

/* Begin PBXNativeTarget section */
		E46E302E29AA7ED300BC2C23 /* Homy */ = {
			isa = PBXNativeTarget;
			buildConfigurationList = E46E303D29AA7ED400BC2C23 /* Build configuration list for PBXNativeTarget "Homy" */;
			buildPhases = (
				E46E302B29AA7ED300BC2C23 /* Sources */,
				E46E302C29AA7ED300BC2C23 /* Frameworks */,
				E46E302D29AA7ED300BC2C23 /* Resources */,
			);
			buildRules = (
			);
			dependencies = (
			);
			name = Homy;
			packageProductDependencies = (
				E46E304429AA818F00BC2C23 /* RootModule */,
			);
			productName = Homy;
			productReference = E46E302F29AA7ED300BC2C23 /* Homy.app */;
			productType = "com.apple.product-type.application";
		};
/* End PBXNativeTarget section */

/* Begin PBXProject section */
		E46E302729AA7ED300BC2C23 /* Project object */ = {
			isa = PBXProject;
			attributes = {
				BuildIndependentTargetsInParallel = 1;
				LastSwiftUpdateCheck = 1420;
				LastUpgradeCheck = 1420;
				TargetAttributes = {
					E46E302E29AA7ED300BC2C23 = {
						CreatedOnToolsVersion = 14.2;
					};
				};
			};
			buildConfigurationList = E46E302A29AA7ED300BC2C23 /* Build configuration list for PBXProject "Homy" */;
			compatibilityVersion = "Xcode 14.0";
			developmentRegion = en;
			hasScannedForEncodings = 0;
			knownRegions = (
				en,
				Base,
			);
			mainGroup = E46E302629AA7ED300BC2C23;
			productRefGroup = E46E303029AA7ED300BC2C23 /* Products */;
			projectDirPath = "";
			projectRoot = "";
			targets = (
				E46E302E29AA7ED300BC2C23 /* Homy */,
			);
		};
/* End PBXProject section */

/* Begin PBXResourcesBuildPhase section */
		E46E302D29AA7ED300BC2C23 /* Resources */ = {
			isa = PBXResourcesBuildPhase;
			buildActionMask = 2147483647;
			files = (
				E46E303A29AA7ED400BC2C23 /* Preview Assets.xcassets in Resources */,
				E46E303729AA7ED400BC2C23 /* Assets.xcassets in Resources */,
			);
			runOnlyForDeploymentPostprocessing = 0;
		};
/* End PBXResourcesBuildPhase section */

/* Begin PBXSourcesBuildPhase section */
		E46E302B29AA7ED300BC2C23 /* Sources */ = {
			isa = PBXSourcesBuildPhase;
			buildActionMask = 2147483647;
			files = (
				E46E303329AA7ED300BC2C23 /* HomyApp.swift in Sources */,
			);
			runOnlyForDeploymentPostprocessing = 0;
		};
/* End PBXSourcesBuildPhase section */

/* Begin XCBuildConfiguration section */
		E46E303B29AA7ED400BC2C23 /* Debug */ = {
			isa = XCBuildConfiguration;
			buildSettings = {
				ALWAYS_SEARCH_USER_PATHS = NO;
				CLANG_ANALYZER_NONNULL = YES;
				CLANG_ANALYZER_NUMBER_OBJECT_CONVERSION = YES_AGGRESSIVE;
				CLANG_CXX_LANGUAGE_STANDARD = "gnu++20";
				CLANG_ENABLE_MODULES = YES;
				CLANG_ENABLE_OBJC_ARC = YES;
				CLANG_ENABLE_OBJC_WEAK = YES;
				CLANG_WARN_BLOCK_CAPTURE_AUTORELEASING = YES;
				CLANG_WARN_BOOL_CONVERSION = YES;
				CLANG_WARN_COMMA = YES;
				CLANG_WARN_CONSTANT_CONVERSION = YES;
				CLANG_WARN_DEPRECATED_OBJC_IMPLEMENTATIONS = YES;
				CLANG_WARN_DIRECT_OBJC_ISA_USAGE = YES_ERROR;
				CLANG_WARN_DOCUMENTATION_COMMENTS = YES;
				CLANG_WARN_EMPTY_BODY = YES;
				CLANG_WARN_ENUM_CONVERSION = YES;
				CLANG_WARN_INFINITE_RECURSION = YES;
				CLANG_WARN_INT_CONVERSION = YES;
				CLANG_WARN_NON_LITERAL_NULL_CONVERSION = YES;
				CLANG_WARN_OBJC_IMPLICIT_RETAIN_SELF = YES;
				CLANG_WARN_OBJC_LITERAL_CONVERSION = YES;
				CLANG_WARN_OBJC_ROOT_CLASS = YES_ERROR;
				CLANG_WARN_QUOTED_INCLUDE_IN_FRAMEWORK_HEADER = YES;
				CLANG_WARN_RANGE_LOOP_ANALYSIS = YES;
				CLANG_WARN_STRICT_PROTOTYPES = YES;
				CLANG_WARN_SUSPICIOUS_MOVE = YES;
				CLANG_WARN_UNGUARDED_AVAILABILITY = YES_AGGRESSIVE;
				CLANG_WARN_UNREACHABLE_CODE = YES;
				CLANG_WARN__DUPLICATE_METHOD_MATCH = YES;
				COPY_PHASE_STRIP = NO;
				DEBUG_INFORMATION_FORMAT = dwarf;
				ENABLE_STRICT_OBJC_MSGSEND = YES;
				ENABLE_TESTABILITY = YES;
				GCC_C_LANGUAGE_STANDARD = gnu11;
				GCC_DYNAMIC_NO_PIC = NO;
				GCC_NO_COMMON_BLOCKS = YES;
				GCC_OPTIMIZATION_LEVEL = 0;
				GCC_PREPROCESSOR_DEFINITIONS = (
					"DEBUG=1",
					"$(inherited)",
				);
				GCC_WARN_64_TO_32_BIT_CONVERSION = YES;
				GCC_WARN_ABOUT_RETURN_TYPE = YES_ERROR;
				GCC_WARN_UNDECLARED_SELECTOR = YES;
				GCC_WARN_UNINITIALIZED_AUTOS = YES_AGGRESSIVE;
				GCC_WARN_UNUSED_FUNCTION = YES;
				GCC_WARN_UNUSED_VARIABLE = YES;
				IPHONEOS_DEPLOYMENT_TARGET = 16.0;
				MTL_ENABLE_DEBUG_INFO = INCLUDE_SOURCE;
				MTL_FAST_MATH = YES;
				ONLY_ACTIVE_ARCH = YES;
				SDKROOT = iphoneos;
				SWIFT_ACTIVE_COMPILATION_CONDITIONS = DEBUG;
				SWIFT_OPTIMIZATION_LEVEL = "-Onone";
			};
			name = Debug;
		};
		E46E303C29AA7ED400BC2C23 /* Release */ = {
			isa = XCBuildConfiguration;
			buildSettings = {
				ALWAYS_SEARCH_USER_PATHS = NO;
				CLANG_ANALYZER_NONNULL = YES;
				CLANG_ANALYZER_NUMBER_OBJECT_CONVERSION = YES_AGGRESSIVE;
				CLANG_CXX_LANGUAGE_STANDARD = "gnu++20";
				CLANG_ENABLE_MODULES = YES;
				CLANG_ENABLE_OBJC_ARC = YES;
				CLANG_ENABLE_OBJC_WEAK = YES;
				CLANG_WARN_BLOCK_CAPTURE_AUTORELEASING = YES;
				CLANG_WARN_BOOL_CONVERSION = YES;
				CLANG_WARN_COMMA = YES;
				CLANG_WARN_CONSTANT_CONVERSION = YES;
				CLANG_WARN_DEPRECATED_OBJC_IMPLEMENTATIONS = YES;
				CLANG_WARN_DIRECT_OBJC_ISA_USAGE = YES_ERROR;
				CLANG_WARN_DOCUMENTATION_COMMENTS = YES;
				CLANG_WARN_EMPTY_BODY = YES;
				CLANG_WARN_ENUM_CONVERSION = YES;
				CLANG_WARN_INFINITE_RECURSION = YES;
				CLANG_WARN_INT_CONVERSION = YES;
				CLANG_WARN_NON_LITERAL_NULL_CONVERSION = YES;
				CLANG_WARN_OBJC_IMPLICIT_RETAIN_SELF = YES;
				CLANG_WARN_OBJC_LITERAL_CONVERSION = YES;
				CLANG_WARN_OBJC_ROOT_CLASS = YES_ERROR;
				CLANG_WARN_QUOTED_INCLUDE_IN_FRAMEWORK_HEADER = YES;
				CLANG_WARN_RANGE_LOOP_ANALYSIS = YES;
				CLANG_WARN_STRICT_PROTOTYPES = YES;
				CLANG_WARN_SUSPICIOUS_MOVE = YES;
				CLANG_WARN_UNGUARDED_AVAILABILITY = YES_AGGRESSIVE;
				CLANG_WARN_UNREACHABLE_CODE = YES;
				CLANG_WARN__DUPLICATE_METHOD_MATCH = YES;
				COPY_PHASE_STRIP = NO;
				DEBUG_INFORMATION_FORMAT = "dwarf-with-dsym";
				ENABLE_NS_ASSERTIONS = NO;
				ENABLE_STRICT_OBJC_MSGSEND = YES;
				GCC_C_LANGUAGE_STANDARD = gnu11;
				GCC_NO_COMMON_BLOCKS = YES;
				GCC_WARN_64_TO_32_BIT_CONVERSION = YES;
				GCC_WARN_ABOUT_RETURN_TYPE = YES_ERROR;
				GCC_WARN_UNDECLARED_SELECTOR = YES;
				GCC_WARN_UNINITIALIZED_AUTOS = YES_AGGRESSIVE;
				GCC_WARN_UNUSED_FUNCTION = YES;
				GCC_WARN_UNUSED_VARIABLE = YES;
				IPHONEOS_DEPLOYMENT_TARGET = 16.0;
				MTL_ENABLE_DEBUG_INFO = NO;
				MTL_FAST_MATH = YES;
				SDKROOT = iphoneos;
				SWIFT_COMPILATION_MODE = wholemodule;
				SWIFT_OPTIMIZATION_LEVEL = "-O";
				VALIDATE_PRODUCT = YES;
			};
			name = Release;
		};
		E46E303E29AA7ED400BC2C23 /* Debug */ = {
			isa = XCBuildConfiguration;
			buildSettings = {
				ASSETCATALOG_COMPILER_APPICON_NAME = AppIcon;
				ASSETCATALOG_COMPILER_GLOBAL_ACCENT_COLOR_NAME = AccentColor;
				CODE_SIGN_STYLE = Automatic;
				CURRENT_PROJECT_VERSION = 1;
				DEVELOPMENT_ASSET_PATHS = "\"Homy/Preview Content\"";
				DEVELOPMENT_TEAM = TC8CL45HA7;
				ENABLE_PREVIEWS = YES;
				GENERATE_INFOPLIST_FILE = YES;
				INFOPLIST_FILE = Homy/Resources/Info.plist;
				INFOPLIST_KEY_UIApplicationSupportsIndirectInputEvents = YES;
				INFOPLIST_KEY_UILaunchScreen_Generation = YES;
				INFOPLIST_KEY_UISupportedInterfaceOrientations = UIInterfaceOrientationPortrait;
				INFOPLIST_KEY_UISupportedInterfaceOrientations_iPad = "UIInterfaceOrientationLandscapeLeft UIInterfaceOrientationLandscapeRight UIInterfaceOrientationPortrait UIInterfaceOrientationPortraitUpsideDown";
				LD_RUNPATH_SEARCH_PATHS = (
					"$(inherited)",
					"@executable_path/Frameworks",
				);
				MARKETING_VERSION = 0.0.1;
				PRODUCT_BUNDLE_IDENTIFIER = "com.theo-brlle.Homy";
				PRODUCT_NAME = "$(TARGET_NAME)";
				SUPPORTED_PLATFORMS = "iphoneos iphonesimulator";
				SUPPORTS_MACCATALYST = NO;
				SUPPORTS_MAC_DESIGNED_FOR_IPHONE_IPAD = NO;
				SWIFT_EMIT_LOC_STRINGS = YES;
				SWIFT_VERSION = 5.0;
				TARGETED_DEVICE_FAMILY = 1;
			};
			name = Debug;
		};
		E46E303F29AA7ED400BC2C23 /* Release */ = {
			isa = XCBuildConfiguration;
			buildSettings = {
				ASSETCATALOG_COMPILER_APPICON_NAME = AppIcon;
				ASSETCATALOG_COMPILER_GLOBAL_ACCENT_COLOR_NAME = AccentColor;
				CODE_SIGN_STYLE = Automatic;
				CURRENT_PROJECT_VERSION = 1;
				DEVELOPMENT_ASSET_PATHS = "\"Homy/Preview Content\"";
				DEVELOPMENT_TEAM = TC8CL45HA7;
				ENABLE_PREVIEWS = YES;
				GENERATE_INFOPLIST_FILE = YES;
				INFOPLIST_FILE = Homy/Resources/Info.plist;
				INFOPLIST_KEY_UIApplicationSupportsIndirectInputEvents = YES;
				INFOPLIST_KEY_UILaunchScreen_Generation = YES;
				INFOPLIST_KEY_UISupportedInterfaceOrientations = UIInterfaceOrientationPortrait;
				INFOPLIST_KEY_UISupportedInterfaceOrientations_iPad = "UIInterfaceOrientationLandscapeLeft UIInterfaceOrientationLandscapeRight UIInterfaceOrientationPortrait UIInterfaceOrientationPortraitUpsideDown";
				LD_RUNPATH_SEARCH_PATHS = (
					"$(inherited)",
					"@executable_path/Frameworks",
				);
				MARKETING_VERSION = 0.0.1;
				PRODUCT_BUNDLE_IDENTIFIER = "com.theo-brlle.Homy";
				PRODUCT_NAME = "$(TARGET_NAME)";
				SUPPORTED_PLATFORMS = "iphoneos iphonesimulator";
				SUPPORTS_MACCATALYST = NO;
				SUPPORTS_MAC_DESIGNED_FOR_IPHONE_IPAD = NO;
				SWIFT_EMIT_LOC_STRINGS = YES;
				SWIFT_VERSION = 5.0;
				TARGETED_DEVICE_FAMILY = 1;
			};
			name = Release;
		};
/* End XCBuildConfiguration section */

/* Begin XCConfigurationList section */
		E46E302A29AA7ED300BC2C23 /* Build configuration list for PBXProject "Homy" */ = {
			isa = XCConfigurationList;
			buildConfigurations = (
				E46E303B29AA7ED400BC2C23 /* Debug */,
				E46E303C29AA7ED400BC2C23 /* Release */,
			);
			defaultConfigurationIsVisible = 0;
			defaultConfigurationName = Release;
		};
		E46E303D29AA7ED400BC2C23 /* Build configuration list for PBXNativeTarget "Homy" */ = {
			isa = XCConfigurationList;
			buildConfigurations = (
				E46E303E29AA7ED400BC2C23 /* Debug */,
				E46E303F29AA7ED400BC2C23 /* Release */,
			);
			defaultConfigurationIsVisible = 0;
			defaultConfigurationName = Release;
		};
/* End XCConfigurationList section */

/* Begin XCSwiftPackageProductDependency section */
		E46E304429AA818F00BC2C23 /* RootModule */ = {
			isa = XCSwiftPackageProductDependency;
			productName = RootModule;
		};
/* End XCSwiftPackageProductDependency section */
	};
	rootObject = E46E302729AA7ED300BC2C23 /* Project object */;
}
